// !$*UTF8*$!
{
	archiveVersion = 1;
	classes = {
	};
	objectVersion = 46;
	objects = {

/* Begin PBXBuildFile section */
		7D15D0C415BBDF5A002A56B8 /* hash.c in Sources */ = {isa = PBXBuildFile; fileRef = 7D15D0C315BBDF5A002A56B8 /* hash.c */; };
		7D15D0CD15BC9B03002A56B8 /* main.cpp in Sources */ = {isa = PBXBuildFile; fileRef = 7D15D0CC15BC9B03002A56B8 /* main.cpp */; };
		7D15D0CF15BC9B03002A56B8 /* benchmarks.1 in CopyFiles */ = {isa = PBXBuildFile; fileRef = 7D15D0CE15BC9B03002A56B8 /* benchmarks.1 */; };
		7D2DF6DF14992D3800DD3D46 /* main.cpp in Sources */ = {isa = PBXBuildFile; fileRef = 7D2DF6DE14992D3800DD3D46 /* main.cpp */; };
		7D2DF6E114992D3800DD3D46 /* redux.1 in CopyFiles */ = {isa = PBXBuildFile; fileRef = 7D2DF6E014992D3800DD3D46 /* redux.1 */; };
		7D2DF6E814992DDD00DD3D46 /* redux.y in Sources */ = {isa = PBXBuildFile; fileRef = 7D2DF6E714992DDD00DD3D46 /* redux.y */; };
		7D37FE6F14B5817C00265E91 /* codegen.cpp in Sources */ = {isa = PBXBuildFile; fileRef = 7D37FE6E14B5817C00265E91 /* codegen.cpp */; };
		7D37FE7114B588A400265E91 /* ast.cpp in Sources */ = {isa = PBXBuildFile; fileRef = 7D37FE7014B588A400265E91 /* ast.cpp */; };
		7D83A12414A290D900048145 /* Makefile in Sources */ = {isa = PBXBuildFile; fileRef = 7D83A12314A290D900048145 /* Makefile */; };
		7D8D7F8F15BD89BF007E764C /* type_inference.c in Sources */ = {isa = PBXBuildFile; fileRef = 7D8D7F8E15BD89BF007E764C /* type_inference.c */; };
		7DC06C6214CCF5DF00BA2AE8 /* named_values.cpp in Sources */ = {isa = PBXBuildFile; fileRef = 7DC06C6114CCF5DF00BA2AE8 /* named_values.cpp */; };
		7DC7BA00149BC3F700C76881 /* redux.l in Sources */ = {isa = PBXBuildFile; fileRef = 7DC7B9FF149BC3F700C76881 /* redux.l */; };
		7DDDA84214E6DD6600F01707 /* runtime.cpp in Sources */ = {isa = PBXBuildFile; fileRef = 7DDDA84114E6DD6600F01707 /* runtime.cpp */; };
		7DDDA84414E6DD7400F01707 /* runtime.h in Headers */ = {isa = PBXBuildFile; fileRef = 7DDDA84314E6DD7400F01707 /* runtime.h */; };
		7DDDBFE715BAAD5A00D0B2A9 /* main.cpp in Sources */ = {isa = PBXBuildFile; fileRef = 7DDDBFE615BAAD5A00D0B2A9 /* main.cpp */; };
		7DDDBFE915BAAD5A00D0B2A9 /* runtime_test.1 in CopyFiles */ = {isa = PBXBuildFile; fileRef = 7DDDBFE815BAAD5A00D0B2A9 /* runtime_test.1 */; };
/* End PBXBuildFile section */

/* Begin PBXBuildRule section */
		7D83A12E14A6765F00048145 /* PBXBuildRule */ = {
			isa = PBXBuildRule;
			compilerSpec = com.apple.compilers.proxy.script;
			filePatterns = redux.l;
			fileType = sourcecode.lex;
			isEditable = 1;
			outputFiles = (
				tokens.cpp,
			);
			script = "flex -o ${DERIVED_FILE_DIR}/tokens.cpp ${INPUT_FILE_PATH}\n";
		};
		7D83A12F14A676CD00048145 /* PBXBuildRule */ = {
			isa = PBXBuildRule;
			compilerSpec = com.apple.compilers.proxy.script;
			filePatterns = redux.y;
			fileType = sourcecode.yacc;
			isEditable = 1;
			outputFiles = (
				parser.cpp,
				parser.hpp,
			);
			script = "bison -v -g -o ${DERIVED_FILE_DIR}/parser.cpp ${INPUT_FILE_PATH}\n";
		};
/* End PBXBuildRule section */

/* Begin PBXContainerItemProxy section */
		7D8D7F8B15BC9F65007E764C /* PBXContainerItemProxy */ = {
			isa = PBXContainerItemProxy;
			containerPortal = 7D2DF6D114992D3800DD3D46 /* Project object */;
			proxyType = 1;
			remoteGlobalIDString = 7DDDA83C14E6DCE800F01707;
			remoteInfo = runtime;
		};
		7DDDBFED15BAC44600D0B2A9 /* PBXContainerItemProxy */ = {
			isa = PBXContainerItemProxy;
			containerPortal = 7D2DF6D114992D3800DD3D46 /* Project object */;
			proxyType = 1;
			remoteGlobalIDString = 7DDDA83C14E6DCE800F01707;
			remoteInfo = runtime;
		};
/* End PBXContainerItemProxy section */

/* Begin PBXCopyFilesBuildPhase section */
		7D15D0C715BC9B03002A56B8 /* CopyFiles */ = {
			isa = PBXCopyFilesBuildPhase;
			buildActionMask = 2147483647;
			dstPath = /usr/share/man/man1/;
			dstSubfolderSpec = 0;
			files = (
				7D15D0CF15BC9B03002A56B8 /* benchmarks.1 in CopyFiles */,
			);
			runOnlyForDeploymentPostprocessing = 1;
		};
		7D2DF6D814992D3800DD3D46 /* CopyFiles */ = {
			isa = PBXCopyFilesBuildPhase;
			buildActionMask = 2147483647;
			dstPath = usr/share/man/man1;
			dstSubfolderSpec = 0;
			files = (
				7D2DF6E114992D3800DD3D46 /* redux.1 in CopyFiles */,
			);
			runOnlyForDeploymentPostprocessing = 1;
		};
		7DDDBFE115BAAD5A00D0B2A9 /* CopyFiles */ = {
			isa = PBXCopyFilesBuildPhase;
			buildActionMask = 2147483647;
			dstPath = /usr/share/man/man1/;
			dstSubfolderSpec = 0;
			files = (
				7DDDBFE915BAAD5A00D0B2A9 /* runtime_test.1 in CopyFiles */,
			);
			runOnlyForDeploymentPostprocessing = 1;
		};
/* End PBXCopyFilesBuildPhase section */

/* Begin PBXFileReference section */
		7D15D0C315BBDF5A002A56B8 /* hash.c */ = {isa = PBXFileReference; fileEncoding = 4; lastKnownFileType = sourcecode.c.c; path = hash.c; sourceTree = "<group>"; };
		7D15D0C915BC9B03002A56B8 /* benchmarks */ = {isa = PBXFileReference; explicitFileType = "compiled.mach-o.executable"; includeInIndex = 0; path = benchmarks; sourceTree = BUILT_PRODUCTS_DIR; };
		7D15D0CC15BC9B03002A56B8 /* main.cpp */ = {isa = PBXFileReference; lastKnownFileType = sourcecode.cpp.cpp; path = main.cpp; sourceTree = "<group>"; };
		7D15D0CE15BC9B03002A56B8 /* benchmarks.1 */ = {isa = PBXFileReference; lastKnownFileType = text.man; path = benchmarks.1; sourceTree = "<group>"; };
		7D2DF6DA14992D3800DD3D46 /* redux */ = {isa = PBXFileReference; explicitFileType = "compiled.mach-o.executable"; includeInIndex = 0; path = redux; sourceTree = BUILT_PRODUCTS_DIR; };
		7D2DF6DE14992D3800DD3D46 /* main.cpp */ = {isa = PBXFileReference; lastKnownFileType = sourcecode.cpp.cpp; path = main.cpp; sourceTree = "<group>"; };
		7D2DF6E014992D3800DD3D46 /* redux.1 */ = {isa = PBXFileReference; lastKnownFileType = text.man; path = redux.1; sourceTree = "<group>"; };
		7D2DF6E714992DDD00DD3D46 /* redux.y */ = {isa = PBXFileReference; fileEncoding = 4; lastKnownFileType = sourcecode.yacc; path = redux.y; sourceTree = "<group>"; };
		7D37FE6D14B43FA400265E91 /* codegen.h */ = {isa = PBXFileReference; fileEncoding = 4; lastKnownFileType = sourcecode.c.h; path = codegen.h; sourceTree = "<group>"; };
		7D37FE6E14B5817C00265E91 /* codegen.cpp */ = {isa = PBXFileReference; fileEncoding = 4; lastKnownFileType = sourcecode.cpp.cpp; path = codegen.cpp; sourceTree = "<group>"; };
		7D37FE7014B588A400265E91 /* ast.cpp */ = {isa = PBXFileReference; fileEncoding = 4; lastKnownFileType = sourcecode.cpp.cpp; path = ast.cpp; sourceTree = "<group>"; };
		7D83A12314A290D900048145 /* Makefile */ = {isa = PBXFileReference; fileEncoding = 4; lastKnownFileType = sourcecode.make; path = Makefile; sourceTree = "<group>"; xcLanguageSpecificationIdentifier = xcode.lang.simpleColoring; };
		7D83A12914A5A52F00048145 /* ast.h */ = {isa = PBXFileReference; fileEncoding = 4; lastKnownFileType = sourcecode.c.h; path = ast.h; sourceTree = "<group>"; };
		7D8D7F8E15BD89BF007E764C /* type_inference.c */ = {isa = PBXFileReference; fileEncoding = 4; lastKnownFileType = sourcecode.c.c; path = type_inference.c; sourceTree = "<group>"; };
		7D8D7F9015BD89D0007E764C /* type_inference.h */ = {isa = PBXFileReference; lastKnownFileType = sourcecode.c.h; path = type_inference.h; sourceTree = "<group>"; };
		7DC06C5F14CCF2D700BA2AE8 /* named_values.h */ = {isa = PBXFileReference; fileEncoding = 4; lastKnownFileType = sourcecode.c.h; path = named_values.h; sourceTree = "<group>"; };
		7DC06C6114CCF5DF00BA2AE8 /* named_values.cpp */ = {isa = PBXFileReference; fileEncoding = 4; lastKnownFileType = sourcecode.cpp.cpp; path = named_values.cpp; sourceTree = "<group>"; };
		7DC7B9FF149BC3F700C76881 /* redux.l */ = {isa = PBXFileReference; fileEncoding = 4; lastKnownFileType = sourcecode.lex; path = redux.l; sourceTree = "<group>"; };
		7DDDA83D14E6DCE800F01707 /* libredux.a */ = {isa = PBXFileReference; explicitFileType = "compiled.mach-o.dylib"; includeInIndex = 0; path = libredux.a; sourceTree = BUILT_PRODUCTS_DIR; };
		7DDDA84114E6DD6600F01707 /* runtime.cpp */ = {isa = PBXFileReference; fileEncoding = 4; lastKnownFileType = sourcecode.cpp.cpp; path = runtime.cpp; sourceTree = "<group>"; };
		7DDDA84314E6DD7400F01707 /* runtime.h */ = {isa = PBXFileReference; fileEncoding = 4; lastKnownFileType = sourcecode.c.h; path = runtime.h; sourceTree = "<group>"; };
		7DDDBFE315BAAD5A00D0B2A9 /* runtime_test */ = {isa = PBXFileReference; explicitFileType = "compiled.mach-o.executable"; includeInIndex = 0; path = runtime_test; sourceTree = BUILT_PRODUCTS_DIR; };
		7DDDBFE615BAAD5A00D0B2A9 /* main.cpp */ = {isa = PBXFileReference; lastKnownFileType = sourcecode.cpp.cpp; path = main.cpp; sourceTree = "<group>"; };
		7DDDBFE815BAAD5A00D0B2A9 /* runtime_test.1 */ = {isa = PBXFileReference; lastKnownFileType = text.man; path = runtime_test.1; sourceTree = "<group>"; };
/* End PBXFileReference section */

/* Begin PBXFrameworksBuildPhase section */
		7D15D0C615BC9B03002A56B8 /* Frameworks */ = {
			isa = PBXFrameworksBuildPhase;
			buildActionMask = 2147483647;
			files = (
			);
			runOnlyForDeploymentPostprocessing = 0;
		};
		7D2DF6D714992D3800DD3D46 /* Frameworks */ = {
			isa = PBXFrameworksBuildPhase;
			buildActionMask = 2147483647;
			files = (
			);
			runOnlyForDeploymentPostprocessing = 0;
		};
		7DDDA83A14E6DCE800F01707 /* Frameworks */ = {
			isa = PBXFrameworksBuildPhase;
			buildActionMask = 2147483647;
			files = (
			);
			runOnlyForDeploymentPostprocessing = 0;
		};
		7DDDBFE015BAAD5A00D0B2A9 /* Frameworks */ = {
			isa = PBXFrameworksBuildPhase;
			buildActionMask = 2147483647;
			files = (
			);
			runOnlyForDeploymentPostprocessing = 0;
		};
/* End PBXFrameworksBuildPhase section */

/* Begin PBXGroup section */
		7D15D0CB15BC9B03002A56B8 /* benchmarks */ = {
			isa = PBXGroup;
			children = (
				7D15D0CC15BC9B03002A56B8 /* main.cpp */,
				7D15D0CE15BC9B03002A56B8 /* benchmarks.1 */,
			);
			path = benchmarks;
			sourceTree = "<group>";
		};
		7D2DF6CF14992D3800DD3D46 = {
			isa = PBXGroup;
			children = (
				7D2DF6DD14992D3800DD3D46 /* redux */,
				7DDDBFE515BAAD5A00D0B2A9 /* runtime_test */,
				7D15D0CB15BC9B03002A56B8 /* benchmarks */,
				7D2DF6DB14992D3800DD3D46 /* Products */,
			);
			sourceTree = "<group>";
		};
		7D2DF6DB14992D3800DD3D46 /* Products */ = {
			isa = PBXGroup;
			children = (
				7D2DF6DA14992D3800DD3D46 /* redux */,
				7DDDA83D14E6DCE800F01707 /* libredux.a */,
				7DDDBFE315BAAD5A00D0B2A9 /* runtime_test */,
				7D15D0C915BC9B03002A56B8 /* benchmarks */,
			);
			name = Products;
			sourceTree = "<group>";
		};
		7D2DF6DD14992D3800DD3D46 /* redux */ = {
			isa = PBXGroup;
			children = (
				7D83A12914A5A52F00048145 /* ast.h */,
				7D37FE7014B588A400265E91 /* ast.cpp */,
				7D2DF6DE14992D3800DD3D46 /* main.cpp */,
				7D2DF6E714992DDD00DD3D46 /* redux.y */,
				7DC7B9FF149BC3F700C76881 /* redux.l */,
				7D83A12314A290D900048145 /* Makefile */,
				7D37FE6D14B43FA400265E91 /* codegen.h */,
				7D37FE6E14B5817C00265E91 /* codegen.cpp */,
				7DC06C5F14CCF2D700BA2AE8 /* named_values.h */,
				7DC06C6114CCF5DF00BA2AE8 /* named_values.cpp */,
				7DDDA84114E6DD6600F01707 /* runtime.cpp */,
				7DDDA84314E6DD7400F01707 /* runtime.h */,
				7D15D0C315BBDF5A002A56B8 /* hash.c */,
				7DC7BA01149BC42200C76881 /* documentation */,
				7D8D7F8E15BD89BF007E764C /* type_inference.c */,
				7D8D7F9015BD89D0007E764C /* type_inference.h */,
			);
			path = redux;
			sourceTree = "<group>";
		};
		7DC7BA01149BC42200C76881 /* documentation */ = {
			isa = PBXGroup;
			children = (
				7D2DF6E014992D3800DD3D46 /* redux.1 */,
			);
			name = documentation;
			sourceTree = "<group>";
		};
		7DDDBFE515BAAD5A00D0B2A9 /* runtime_test */ = {
			isa = PBXGroup;
			children = (
				7DDDBFE615BAAD5A00D0B2A9 /* main.cpp */,
				7DDDBFE815BAAD5A00D0B2A9 /* runtime_test.1 */,
			);
			path = runtime_test;
			sourceTree = "<group>";
		};
/* End PBXGroup section */

/* Begin PBXHeadersBuildPhase section */
		7DDDA83B14E6DCE800F01707 /* Headers */ = {
			isa = PBXHeadersBuildPhase;
			buildActionMask = 2147483647;
			files = (
				7DDDA84414E6DD7400F01707 /* runtime.h in Headers */,
			);
			runOnlyForDeploymentPostprocessing = 0;
		};
/* End PBXHeadersBuildPhase section */

/* Begin PBXNativeTarget section */
		7D15D0C815BC9B03002A56B8 /* benchmarks */ = {
			isa = PBXNativeTarget;
			buildConfigurationList = 7D15D0D015BC9B03002A56B8 /* Build configuration list for PBXNativeTarget "benchmarks" */;
			buildPhases = (
				7D15D0C515BC9B03002A56B8 /* Sources */,
				7D15D0C615BC9B03002A56B8 /* Frameworks */,
				7D15D0C715BC9B03002A56B8 /* CopyFiles */,
			);
			buildRules = (
			);
			dependencies = (
				7D8D7F8C15BC9F65007E764C /* PBXTargetDependency */,
			);
			name = benchmarks;
			productName = benchmarks;
			productReference = 7D15D0C915BC9B03002A56B8 /* benchmarks */;
			productType = "com.apple.product-type.tool";
		};
		7D2DF6D914992D3800DD3D46 /* redux */ = {
			isa = PBXNativeTarget;
			buildConfigurationList = 7D2DF6E414992D3800DD3D46 /* Build configuration list for PBXNativeTarget "redux" */;
			buildPhases = (
				7D2DF6D614992D3800DD3D46 /* Sources */,
				7D2DF6D714992D3800DD3D46 /* Frameworks */,
				7D2DF6D814992D3800DD3D46 /* CopyFiles */,
			);
			buildRules = (
				7D83A12F14A676CD00048145 /* PBXBuildRule */,
				7D83A12E14A6765F00048145 /* PBXBuildRule */,
			);
			dependencies = (
			);
			name = redux;
			productName = redux;
			productReference = 7D2DF6DA14992D3800DD3D46 /* redux */;
			productType = "com.apple.product-type.tool";
		};
		7DDDA83C14E6DCE800F01707 /* runtime */ = {
			isa = PBXNativeTarget;
			buildConfigurationList = 7DDDA83E14E6DCE800F01707 /* Build configuration list for PBXNativeTarget "runtime" */;
			buildPhases = (
				7DDDA83914E6DCE800F01707 /* Sources */,
				7DDDA83A14E6DCE800F01707 /* Frameworks */,
				7DDDA83B14E6DCE800F01707 /* Headers */,
			);
			buildRules = (
			);
			dependencies = (
			);
			name = runtime;
			productName = libredux;
			productReference = 7DDDA83D14E6DCE800F01707 /* libredux.a */;
			productType = "com.apple.product-type.library.dynamic";
		};
		7DDDBFE215BAAD5A00D0B2A9 /* runtime_test */ = {
			isa = PBXNativeTarget;
			buildConfigurationList = 7DDDBFEA15BAAD5A00D0B2A9 /* Build configuration list for PBXNativeTarget "runtime_test" */;
			buildPhases = (
				7DDDBFDF15BAAD5A00D0B2A9 /* Sources */,
				7DDDBFE015BAAD5A00D0B2A9 /* Frameworks */,
				7DDDBFE115BAAD5A00D0B2A9 /* CopyFiles */,
			);
			buildRules = (
			);
			dependencies = (
				7DDDBFEE15BAC44600D0B2A9 /* PBXTargetDependency */,
			);
			name = runtime_test;
			productName = runtime_test;
			productReference = 7DDDBFE315BAAD5A00D0B2A9 /* runtime_test */;
			productType = "com.apple.product-type.tool";
		};
/* End PBXNativeTarget section */

/* Begin PBXProject section */
		7D2DF6D114992D3800DD3D46 /* Project object */ = {
			isa = PBXProject;
			attributes = {
				LastUpgradeCheck = 0420;
			};
			buildConfigurationList = 7D2DF6D414992D3800DD3D46 /* Build configuration list for PBXProject "redux" */;
			compatibilityVersion = "Xcode 3.2";
			developmentRegion = English;
			hasScannedForEncodings = 0;
			knownRegions = (
				en,
			);
			mainGroup = 7D2DF6CF14992D3800DD3D46;
			productRefGroup = 7D2DF6DB14992D3800DD3D46 /* Products */;
			projectDirPath = "";
			projectRoot = "";
			targets = (
				7D2DF6D914992D3800DD3D46 /* redux */,
				7DDDA83C14E6DCE800F01707 /* runtime */,
				7DDDBFE215BAAD5A00D0B2A9 /* runtime_test */,
				7D15D0C815BC9B03002A56B8 /* benchmarks */,
			);
		};
/* End PBXProject section */

/* Begin PBXSourcesBuildPhase section */
		7D15D0C515BC9B03002A56B8 /* Sources */ = {
			isa = PBXSourcesBuildPhase;
			buildActionMask = 2147483647;
			files = (
				7D15D0CD15BC9B03002A56B8 /* main.cpp in Sources */,
			);
			runOnlyForDeploymentPostprocessing = 0;
		};
		7D2DF6D614992D3800DD3D46 /* Sources */ = {
			isa = PBXSourcesBuildPhase;
			buildActionMask = 2147483647;
			files = (
				7D2DF6DF14992D3800DD3D46 /* main.cpp in Sources */,
				7D2DF6E814992DDD00DD3D46 /* redux.y in Sources */,
				7DC7BA00149BC3F700C76881 /* redux.l in Sources */,
				7D83A12414A290D900048145 /* Makefile in Sources */,
				7D37FE6F14B5817C00265E91 /* codegen.cpp in Sources */,
				7D37FE7114B588A400265E91 /* ast.cpp in Sources */,
				7DC06C6214CCF5DF00BA2AE8 /* named_values.cpp in Sources */,
				7D15D0C415BBDF5A002A56B8 /* hash.c in Sources */,
				7D8D7F8F15BD89BF007E764C /* type_inference.c in Sources */,
			);
			runOnlyForDeploymentPostprocessing = 0;
		};
		7DDDA83914E6DCE800F01707 /* Sources */ = {
			isa = PBXSourcesBuildPhase;
			buildActionMask = 2147483647;
			files = (
				7DDDA84214E6DD6600F01707 /* runtime.cpp in Sources */,
			);
			runOnlyForDeploymentPostprocessing = 0;
		};
		7DDDBFDF15BAAD5A00D0B2A9 /* Sources */ = {
			isa = PBXSourcesBuildPhase;
			buildActionMask = 2147483647;
			files = (
				7DDDBFE715BAAD5A00D0B2A9 /* main.cpp in Sources */,
			);
			runOnlyForDeploymentPostprocessing = 0;
		};
/* End PBXSourcesBuildPhase section */

/* Begin PBXTargetDependency section */
		7D8D7F8C15BC9F65007E764C /* PBXTargetDependency */ = {
			isa = PBXTargetDependency;
			target = 7DDDA83C14E6DCE800F01707 /* runtime */;
			targetProxy = 7D8D7F8B15BC9F65007E764C /* PBXContainerItemProxy */;
		};
		7DDDBFEE15BAC44600D0B2A9 /* PBXTargetDependency */ = {
			isa = PBXTargetDependency;
			target = 7DDDA83C14E6DCE800F01707 /* runtime */;
			targetProxy = 7DDDBFED15BAC44600D0B2A9 /* PBXContainerItemProxy */;
		};
/* End PBXTargetDependency section */

/* Begin XCBuildConfiguration section */
		7D15D0D115BC9B03002A56B8 /* Debug */ = {
			isa = XCBuildConfiguration;
			buildSettings = {
				GCC_WARN_UNINITIALIZED_AUTOS = YES;
				OTHER_LDFLAGS = (
					"-lLLVMLinker",
					"-lLLVMArchive",
					"-lLLVMBitWriter",
					"-lLLVMBitReader",
					"-lLLVMX86Disassembler",
					"-lLLVMX86AsmParser",
					"-lLLVMX86CodeGen",
					"-lLLVMSelectionDAG",
					"-lLLVMAsmPrinter",
					"-lLLVMMCParser",
					"-lLLVMX86Desc",
					"-lLLVMX86AsmPrinter",
					"-lLLVMX86Utils",
					"-lLLVMX86Info",
					"-lLLVMJIT",
					"-lLLVMRuntimeDyld",
					"-lLLVMExecutionEngine",
					"-lLLVMCodeGen",
					"-lLLVMScalarOpts",
					"-lLLVMInstCombine",
					"-lLLVMTransformUtils",
					"-lLLVMipa",
					"-lLLVMAnalysis",
					"-lLLVMTarget",
					"-lLLVMMC",
					"-lLLVMObject",
					"-lLLVMCore",
					"-lLLVMSupport",
					"-lredux",
				);
				PRODUCT_NAME = "$(TARGET_NAME)";
			};
			name = Debug;
		};
		7D15D0D215BC9B03002A56B8 /* Release */ = {
			isa = XCBuildConfiguration;
			buildSettings = {
				GCC_WARN_UNINITIALIZED_AUTOS = YES;
				OTHER_LDFLAGS = (
					"-lLLVMLinker",
					"-lLLVMArchive",
					"-lLLVMBitWriter",
					"-lLLVMBitReader",
					"-lLLVMX86Disassembler",
					"-lLLVMX86AsmParser",
					"-lLLVMX86CodeGen",
					"-lLLVMSelectionDAG",
					"-lLLVMAsmPrinter",
					"-lLLVMMCParser",
					"-lLLVMX86Desc",
					"-lLLVMX86AsmPrinter",
					"-lLLVMX86Utils",
					"-lLLVMX86Info",
					"-lLLVMJIT",
					"-lLLVMRuntimeDyld",
					"-lLLVMExecutionEngine",
					"-lLLVMCodeGen",
					"-lLLVMScalarOpts",
					"-lLLVMInstCombine",
					"-lLLVMTransformUtils",
					"-lLLVMipa",
					"-lLLVMAnalysis",
					"-lLLVMTarget",
					"-lLLVMMC",
					"-lLLVMObject",
					"-lLLVMCore",
					"-lLLVMSupport",
					"-lredux",
				);
				PRODUCT_NAME = "$(TARGET_NAME)";
			};
			name = Release;
		};
		7D2DF6E214992D3800DD3D46 /* Debug */ = {
			isa = XCBuildConfiguration;
			buildSettings = {
				ALWAYS_SEARCH_USER_PATHS = NO;
				ARCHS = "$(ARCHS_STANDARD_64_BIT)";
				COPY_PHASE_STRIP = NO;
				DEBUG_INFORMATION_FORMAT = "dwarf-with-dsym";
				GCC_C_LANGUAGE_STANDARD = gnu99;
				GCC_DYNAMIC_NO_PIC = NO;
				GCC_ENABLE_OBJC_EXCEPTIONS = YES;
				GCC_OPTIMIZATION_LEVEL = 0;
				GCC_PREPROCESSOR_DEFINITIONS = (
					"DEBUG=1",
					"$(inherited)",
				);
				GCC_SYMBOLS_PRIVATE_EXTERN = NO;
				GCC_VERSION = com.apple.compilers.llvm.clang.1_0;
				GCC_WARN_64_TO_32_BIT_CONVERSION = YES;
				GCC_WARN_ABOUT_MISSING_PROTOTYPES = YES;
				GCC_WARN_ABOUT_RETURN_TYPE = YES;
				GCC_WARN_UNUSED_VARIABLE = YES;
				LIBRARY_SEARCH_PATHS = /usr/local/llvm/lib;
				MACOSX_DEPLOYMENT_TARGET = 10.7;
				ONLY_ACTIVE_ARCH = YES;
				OTHER_CFLAGS = (
					"-I/usr/local/llvm/include",
					"-D_DEBUG",
					"-D_GNU_SOURCE",
					"-D__STDC_CONSTANT_MACROS",
					"-D__STDC_FORMAT_MACROS",
					"-D__STDC_LIMIT_MACROS",
					"-fvisibility-inlines-hidden",
					"-fno-exceptions",
					"-fno-rtti",
					"-fno-common",
					"-Woverloaded-virtual",
					"-Wcast-qual",
				);
				OTHER_LDFLAGS = (
					"-lLLVMLinker",
					"-lLLVMArchive",
					"-lLLVMBitWriter",
					"-lLLVMBitReader",
					"-lLLVMX86Disassembler",
					"-lLLVMX86AsmParser",
					"-lLLVMX86CodeGen",
					"-lLLVMSelectionDAG",
					"-lLLVMAsmPrinter",
					"-lLLVMMCParser",
					"-lLLVMX86Desc",
					"-lLLVMX86AsmPrinter",
					"-lLLVMX86Utils",
					"-lLLVMX86Info",
					"-lLLVMJIT",
					"-lLLVMRuntimeDyld",
					"-lLLVMExecutionEngine",
					"-lLLVMCodeGen",
					"-lLLVMScalarOpts",
					"-lLLVMInstCombine",
					"-lLLVMTransformUtils",
					"-lLLVMipa",
					"-lLLVMAnalysis",
					"-lLLVMTarget",
					"-lLLVMMC",
					"-lLLVMObject",
					"-lLLVMCore",
					"-lLLVMSupport",
				);
				SDKROOT = macosx;
			};
			name = Debug;
		};
		7D2DF6E314992D3800DD3D46 /* Release */ = {
			isa = XCBuildConfiguration;
			buildSettings = {
				ALWAYS_SEARCH_USER_PATHS = NO;
				ARCHS = "$(ARCHS_STANDARD_64_BIT)";
				COPY_PHASE_STRIP = YES;
				DEBUG_INFORMATION_FORMAT = "dwarf-with-dsym";
				GCC_C_LANGUAGE_STANDARD = gnu99;
				GCC_ENABLE_OBJC_EXCEPTIONS = YES;
				GCC_VERSION = com.apple.compilers.llvm.clang.1_0;
				GCC_WARN_64_TO_32_BIT_CONVERSION = YES;
				GCC_WARN_ABOUT_MISSING_PROTOTYPES = YES;
				GCC_WARN_ABOUT_RETURN_TYPE = YES;
				GCC_WARN_UNUSED_VARIABLE = YES;
				LIBRARY_SEARCH_PATHS = /usr/local/llvm/lib;
				MACOSX_DEPLOYMENT_TARGET = 10.7;
				OTHER_CFLAGS = (
					"-I/usr/local/llvm/include",
					"-D_DEBUG",
					"-D_GNU_SOURCE",
					"-D__STDC_CONSTANT_MACROS",
					"-D__STDC_FORMAT_MACROS",
					"-D__STDC_LIMIT_MACROS",
					"-O3",
					"-fvisibility-inlines-hidden",
					"-fno-exceptions",
					"-fno-rtti",
					"-fno-common",
					"-Woverloaded-virtual",
					"-Wcast-qual",
				);
				OTHER_LDFLAGS = (
					"-lLLVMLinker",
					"-lLLVMArchive",
					"-lLLVMBitWriter",
					"-lLLVMBitReader",
					"-lLLVMX86Disassembler",
					"-lLLVMX86AsmParser",
					"-lLLVMX86CodeGen",
					"-lLLVMSelectionDAG",
					"-lLLVMAsmPrinter",
					"-lLLVMMCParser",
					"-lLLVMX86Desc",
					"-lLLVMX86AsmPrinter",
					"-lLLVMX86Utils",
					"-lLLVMX86Info",
					"-lLLVMJIT",
					"-lLLVMRuntimeDyld",
					"-lLLVMExecutionEngine",
					"-lLLVMCodeGen",
					"-lLLVMScalarOpts",
					"-lLLVMInstCombine",
					"-lLLVMTransformUtils",
					"-lLLVMipa",
					"-lLLVMAnalysis",
					"-lLLVMTarget",
					"-lLLVMMC",
					"-lLLVMObject",
					"-lLLVMCore",
					"-lLLVMSupport",
				);
				SDKROOT = macosx;
			};
			name = Release;
		};
		7D2DF6E514992D3800DD3D46 /* Debug */ = {
			isa = XCBuildConfiguration;
			buildSettings = {
				HEADER_SEARCH_PATHS = /usr/local/llvm/include/llvm;
				LIBRARY_SEARCH_PATHS = /usr/local/llvm/lib;
				OTHER_LDFLAGS = (
					"-lLLVMLinker",
					"-lLLVMArchive",
					"-lLLVMBitWriter",
					"-lLLVMBitReader",
					"-lLLVMX86Disassembler",
					"-lLLVMX86AsmParser",
					"-lLLVMX86CodeGen",
					"-lLLVMSelectionDAG",
					"-lLLVMAsmPrinter",
					"-lLLVMMCParser",
					"-lLLVMX86Desc",
					"-lLLVMX86AsmPrinter",
					"-lLLVMX86Utils",
					"-lLLVMX86Info",
					"-lLLVMJIT",
					"-lLLVMRuntimeDyld",
					"-lLLVMExecutionEngine",
					"-lLLVMCodeGen",
					"-lLLVMScalarOpts",
					"-lLLVMInstCombine",
					"-lLLVMTransformUtils",
					"-lLLVMipa",
					"-lLLVMAnalysis",
					"-lLLVMTarget",
					"-lLLVMMC",
					"-lLLVMObject",
					"-lLLVMCore",
					"-lLLVMSupport",
				);
				PRODUCT_NAME = "$(TARGET_NAME)";
				WARNING_LDFLAGS = "";
			};
			name = Debug;
		};
		7D2DF6E614992D3800DD3D46 /* Release */ = {
			isa = XCBuildConfiguration;
			buildSettings = {
				HEADER_SEARCH_PATHS = /usr/local/llvm/include/llvm;
				LIBRARY_SEARCH_PATHS = /usr/local/llvm/lib;
				OTHER_LDFLAGS = (
					"-lLLVMLinker",
					"-lLLVMArchive",
					"-lLLVMBitWriter",
					"-lLLVMBitReader",
					"-lLLVMX86Disassembler",
					"-lLLVMX86AsmParser",
					"-lLLVMX86CodeGen",
					"-lLLVMSelectionDAG",
					"-lLLVMAsmPrinter",
					"-lLLVMMCParser",
					"-lLLVMX86Desc",
					"-lLLVMX86AsmPrinter",
					"-lLLVMX86Utils",
					"-lLLVMX86Info",
					"-lLLVMJIT",
					"-lLLVMRuntimeDyld",
					"-lLLVMExecutionEngine",
					"-lLLVMCodeGen",
					"-lLLVMScalarOpts",
					"-lLLVMInstCombine",
					"-lLLVMTransformUtils",
					"-lLLVMipa",
					"-lLLVMAnalysis",
					"-lLLVMTarget",
					"-lLLVMMC",
					"-lLLVMObject",
					"-lLLVMCore",
					"-lLLVMSupport",
				);
				PRODUCT_NAME = "$(TARGET_NAME)";
				WARNING_LDFLAGS = "";
			};
			name = Release;
		};
		7DDDA83F14E6DCE800F01707 /* Debug */ = {
			isa = XCBuildConfiguration;
			buildSettings = {
				EXECUTABLE_EXTENSION = a;
				EXECUTABLE_PREFIX = lib;
				HEADER_SEARCH_PATHS = "";
				LIBRARY_SEARCH_PATHS = (
					/usr/local/llvm/lib,
					"/usr/local/lib/**",
				);
				MACH_O_TYPE = staticlib;
				OTHER_CFLAGS = (
					"-I/usr/local/include",
					"-I/usr/local/llvm/include",
					"-D_DEBUG",
					"-D_GNU_SOURCE",
					"-D__STDC_CONSTANT_MACROS",
					"-D__STDC_FORMAT_MACROS",
					"-D__STDC_LIMIT_MACROS",
					"-fvisibility-inlines-hidden",
					"-fno-exceptions",
					"-fno-rtti",
					"-fno-common",
					"-Woverloaded-virtual",
					"-Wcast-qual",
					"-D_XOPEN_SOURCE",
					"-DGC_DEBUG",
				);
				OTHER_LDFLAGS = (
					"-lgc",
					"-lLLVMX86Disassembler",
					"-lLLVMX86AsmParser",
					"-lLLVMX86CodeGen",
					"-lLLVMSelectionDAG",
					"-lLLVMAsmPrinter",
					"-lLLVMMCParser",
					"-lLLVMLinker",
					"-lLLVMX86Desc",
					"-lLLVMX86AsmPrinter",
					"-lLLVMX86Utils",
					"-lLLVMX86Info",
					"-lLLVMJIT",
					"-lLLVMRuntimeDyld",
					"-lLLVMExecutionEngine",
					"-lLLVMCodeGen",
					"-lLLVMScalarOpts",
					"-lLLVMInstCombine",
					"-lLLVMTransformUtils",
					"-lLLVMipa",
					"-lLLVMAnalysis",
					"-lLLVMTarget",
					"-lLLVMMC",
					"-lLLVMObject",
					"-lLLVMCore",
					"-lLLVMSupport",
				);
				PRODUCT_NAME = redux;
			};
			name = Debug;
		};
		7DDDA84014E6DCE800F01707 /* Release */ = {
			isa = XCBuildConfiguration;
			buildSettings = {
				EXECUTABLE_EXTENSION = a;
				EXECUTABLE_PREFIX = lib;
				HEADER_SEARCH_PATHS = "";
				LIBRARY_SEARCH_PATHS = (
					/usr/local/llvm/lib,
					"/usr/local/lib/**",
				);
				MACH_O_TYPE = staticlib;
				OTHER_CFLAGS = (
					"-I/usr/local/include",
					"-I/usr/local/llvm/include",
					"-D_DEBUG",
					"-D_GNU_SOURCE",
					"-D__STDC_CONSTANT_MACROS",
					"-D__STDC_FORMAT_MACROS",
					"-D__STDC_LIMIT_MACROS",
					"-O3",
					"-fvisibility-inlines-hidden",
					"-fno-exceptions",
					"-fno-rtti",
					"-fno-common",
					"-Woverloaded-virtual",
					"-Wcast-qual",
					"-D_XOPEN_SOURCE",
				);
				OTHER_LDFLAGS = (
					"-lgc",
					"-lLLVMX86Disassembler",
					"-lLLVMX86AsmParser",
					"-lLLVMX86CodeGen",
					"-lLLVMSelectionDAG",
					"-lLLVMAsmPrinter",
					"-lLLVMMCParser",
					"-lLLVMLinker",
					"-lLLVMX86Desc",
					"-lLLVMX86AsmPrinter",
					"-lLLVMX86Utils",
					"-lLLVMX86Info",
					"-lLLVMJIT",
					"-lLLVMRuntimeDyld",
					"-lLLVMExecutionEngine",
					"-lLLVMCodeGen",
					"-lLLVMScalarOpts",
					"-lLLVMInstCombine",
					"-lLLVMTransformUtils",
					"-lLLVMipa",
					"-lLLVMAnalysis",
					"-lLLVMTarget",
					"-lLLVMMC",
					"-lLLVMObject",
					"-lLLVMCore",
					"-lLLVMSupport",
				);
				PRODUCT_NAME = redux;
			};
			name = Release;
		};
		7DDDBFEB15BAAD5A00D0B2A9 /* Debug */ = {
			isa = XCBuildConfiguration;
			buildSettings = {
				GCC_WARN_UNINITIALIZED_AUTOS = YES;
				LIBRARY_SEARCH_PATHS = "";
				OTHER_LDFLAGS = "-lredux";
				PRODUCT_NAME = "$(TARGET_NAME)";
			};
			name = Debug;
		};
		7DDDBFEC15BAAD5A00D0B2A9 /* Release */ = {
			isa = XCBuildConfiguration;
			buildSettings = {
				GCC_WARN_UNINITIALIZED_AUTOS = YES;
				LIBRARY_SEARCH_PATHS = "";
				OTHER_LDFLAGS = "-lredux";
				PRODUCT_NAME = "$(TARGET_NAME)";
			};
			name = Release;
		};
/* End XCBuildConfiguration section */

/* Begin XCConfigurationList section */
		7D15D0D015BC9B03002A56B8 /* Build configuration list for PBXNativeTarget "benchmarks" */ = {
			isa = XCConfigurationList;
			buildConfigurations = (
				7D15D0D115BC9B03002A56B8 /* Debug */,
				7D15D0D215BC9B03002A56B8 /* Release */,
			);
			defaultConfigurationIsVisible = 0;
			defaultConfigurationName = Release;
		};
		7D2DF6D414992D3800DD3D46 /* Build configuration list for PBXProject "redux" */ = {
			isa = XCConfigurationList;
			buildConfigurations = (
				7D2DF6E214992D3800DD3D46 /* Debug */,
				7D2DF6E314992D3800DD3D46 /* Release */,
			);
			defaultConfigurationIsVisible = 0;
			defaultConfigurationName = Release;
		};
		7D2DF6E414992D3800DD3D46 /* Build configuration list for PBXNativeTarget "redux" */ = {
			isa = XCConfigurationList;
			buildConfigurations = (
				7D2DF6E514992D3800DD3D46 /* Debug */,
				7D2DF6E614992D3800DD3D46 /* Release */,
			);
			defaultConfigurationIsVisible = 0;
			defaultConfigurationName = Release;
		};
		7DDDA83E14E6DCE800F01707 /* Build configuration list for PBXNativeTarget "runtime" */ = {
			isa = XCConfigurationList;
			buildConfigurations = (
				7DDDA83F14E6DCE800F01707 /* Debug */,
				7DDDA84014E6DCE800F01707 /* Release */,
			);
			defaultConfigurationIsVisible = 0;
			defaultConfigurationName = Release;
		};
		7DDDBFEA15BAAD5A00D0B2A9 /* Build configuration list for PBXNativeTarget "runtime_test" */ = {
			isa = XCConfigurationList;
			buildConfigurations = (
				7DDDBFEB15BAAD5A00D0B2A9 /* Debug */,
				7DDDBFEC15BAAD5A00D0B2A9 /* Release */,
			);
			defaultConfigurationIsVisible = 0;
			defaultConfigurationName = Release;
		};
/* End XCConfigurationList section */
	};
	rootObject = 7D2DF6D114992D3800DD3D46 /* Project object */;
}
