// !$*UTF8*$!
{
	archiveVersion = 1;
	classes = {
	};
	objectVersion = 46;
	objects = {

/* Begin PBXBuildFile section */
		7D2DF6DF14992D3800DD3D46 /* main.cpp in Sources */ = {isa = PBXBuildFile; fileRef = 7D2DF6DE14992D3800DD3D46 /* main.cpp */; };
		7D2DF6E114992D3800DD3D46 /* redux.1 in CopyFiles */ = {isa = PBXBuildFile; fileRef = 7D2DF6E014992D3800DD3D46 /* redux.1 */; };
		7D2DF6E814992DDD00DD3D46 /* redux.y in Sources */ = {isa = PBXBuildFile; fileRef = 7D2DF6E714992DDD00DD3D46 /* redux.y */; };
		7D37FE6F14B5817C00265E91 /* codegen.cpp in Sources */ = {isa = PBXBuildFile; fileRef = 7D37FE6E14B5817C00265E91 /* codegen.cpp */; };
		7D37FE7114B588A400265E91 /* ast.cpp in Sources */ = {isa = PBXBuildFile; fileRef = 7D37FE7014B588A400265E91 /* ast.cpp */; };
		7D7681A614D495AE0094A5A5 /* class.cpp in Sources */ = {isa = PBXBuildFile; fileRef = 7D7681A514D495AE0094A5A5 /* class.cpp */; };
		7D83A12414A290D900048145 /* Makefile in Sources */ = {isa = PBXBuildFile; fileRef = 7D83A12314A290D900048145 /* Makefile */; };
		7DC06C6214CCF5DF00BA2AE8 /* named_values.cpp in Sources */ = {isa = PBXBuildFile; fileRef = 7DC06C6114CCF5DF00BA2AE8 /* named_values.cpp */; };
		7DC7BA00149BC3F700C76881 /* redux.l in Sources */ = {isa = PBXBuildFile; fileRef = 7DC7B9FF149BC3F700C76881 /* redux.l */; };
/* End PBXBuildFile section */

/* Begin PBXBuildRule section */
		7D83A12E14A6765F00048145 /* PBXBuildRule */ = {
			isa = PBXBuildRule;
			compilerSpec = com.apple.compilers.proxy.script;
			filePatterns = redux.l;
			fileType = sourcecode.lex;
			isEditable = 1;
			outputFiles = (
				tokens.cpp,
			);
			script = "flex -o ${DERIVED_FILE_DIR}/tokens.cpp ${INPUT_FILE_PATH}\n";
		};
		7D83A12F14A676CD00048145 /* PBXBuildRule */ = {
			isa = PBXBuildRule;
			compilerSpec = com.apple.compilers.proxy.script;
			filePatterns = redux.y;
			fileType = sourcecode.yacc;
			isEditable = 1;
			outputFiles = (
				parser.cpp,
				parser.hpp,
			);
			script = "bison -v -g -o ${DERIVED_FILE_DIR}/parser.cpp ${INPUT_FILE_PATH}\n";
		};
/* End PBXBuildRule section */

/* Begin PBXCopyFilesBuildPhase section */
		7D2DF6D814992D3800DD3D46 /* CopyFiles */ = {
			isa = PBXCopyFilesBuildPhase;
			buildActionMask = 2147483647;
			dstPath = /usr/share/man/man1/;
			dstSubfolderSpec = 0;
			files = (
				7D2DF6E114992D3800DD3D46 /* redux.1 in CopyFiles */,
			);
			runOnlyForDeploymentPostprocessing = 1;
		};
/* End PBXCopyFilesBuildPhase section */

/* Begin PBXFileReference section */
		7D2DF6DA14992D3800DD3D46 /* redux */ = {isa = PBXFileReference; explicitFileType = "compiled.mach-o.executable"; includeInIndex = 0; path = redux; sourceTree = BUILT_PRODUCTS_DIR; };
		7D2DF6DE14992D3800DD3D46 /* main.cpp */ = {isa = PBXFileReference; lastKnownFileType = sourcecode.cpp.cpp; path = main.cpp; sourceTree = "<group>"; };
		7D2DF6E014992D3800DD3D46 /* redux.1 */ = {isa = PBXFileReference; lastKnownFileType = text.man; path = redux.1; sourceTree = "<group>"; };
		7D2DF6E714992DDD00DD3D46 /* redux.y */ = {isa = PBXFileReference; fileEncoding = 4; lastKnownFileType = sourcecode.yacc; path = redux.y; sourceTree = "<group>"; };
		7D37FE6D14B43FA400265E91 /* codegen.h */ = {isa = PBXFileReference; fileEncoding = 4; lastKnownFileType = sourcecode.c.h; path = codegen.h; sourceTree = "<group>"; };
		7D37FE6E14B5817C00265E91 /* codegen.cpp */ = {isa = PBXFileReference; fileEncoding = 4; lastKnownFileType = sourcecode.cpp.cpp; path = codegen.cpp; sourceTree = "<group>"; };
		7D37FE7014B588A400265E91 /* ast.cpp */ = {isa = PBXFileReference; fileEncoding = 4; lastKnownFileType = sourcecode.cpp.cpp; path = ast.cpp; sourceTree = "<group>"; };
		7D7681A514D495AE0094A5A5 /* class.cpp */ = {isa = PBXFileReference; fileEncoding = 4; lastKnownFileType = sourcecode.cpp.cpp; path = class.cpp; sourceTree = "<group>"; };
		7D83A12314A290D900048145 /* Makefile */ = {isa = PBXFileReference; fileEncoding = 4; lastKnownFileType = sourcecode.make; path = Makefile; sourceTree = "<group>"; xcLanguageSpecificationIdentifier = xcode.lang.simpleColoring; };
		7D83A12914A5A52F00048145 /* ast.h */ = {isa = PBXFileReference; fileEncoding = 4; lastKnownFileType = sourcecode.c.h; path = ast.h; sourceTree = "<group>"; };
		7D83A13914B2490D00048145 /* class.h */ = {isa = PBXFileReference; fileEncoding = 4; lastKnownFileType = sourcecode.c.h; path = class.h; sourceTree = "<group>"; };
		7DC06C5F14CCF2D700BA2AE8 /* named_values.h */ = {isa = PBXFileReference; fileEncoding = 4; lastKnownFileType = sourcecode.c.h; path = named_values.h; sourceTree = "<group>"; };
		7DC06C6114CCF5DF00BA2AE8 /* named_values.cpp */ = {isa = PBXFileReference; fileEncoding = 4; lastKnownFileType = sourcecode.cpp.cpp; path = named_values.cpp; sourceTree = "<group>"; };
		7DC7B9FF149BC3F700C76881 /* redux.l */ = {isa = PBXFileReference; fileEncoding = 4; lastKnownFileType = sourcecode.lex; path = redux.l; sourceTree = "<group>"; };
/* End PBXFileReference section */

/* Begin PBXFrameworksBuildPhase section */
		7D2DF6D714992D3800DD3D46 /* Frameworks */ = {
			isa = PBXFrameworksBuildPhase;
			buildActionMask = 2147483647;
			files = (
			);
			runOnlyForDeploymentPostprocessing = 0;
		};
/* End PBXFrameworksBuildPhase section */

/* Begin PBXGroup section */
		7D2DF6CF14992D3800DD3D46 = {
			isa = PBXGroup;
			children = (
				7D2DF6DD14992D3800DD3D46 /* redux */,
				7D2DF6DB14992D3800DD3D46 /* Products */,
			);
			sourceTree = "<group>";
		};
		7D2DF6DB14992D3800DD3D46 /* Products */ = {
			isa = PBXGroup;
			children = (
				7D2DF6DA14992D3800DD3D46 /* redux */,
			);
			name = Products;
			sourceTree = "<group>";
		};
		7D2DF6DD14992D3800DD3D46 /* redux */ = {
			isa = PBXGroup;
			children = (
				7D83A13914B2490D00048145 /* class.h */,
				7D83A12914A5A52F00048145 /* ast.h */,
				7DC7BA01149BC42200C76881 /* documentation */,
				7DC7B9FF149BC3F700C76881 /* redux.l */,
				7D2DF6DE14992D3800DD3D46 /* main.cpp */,
				7D2DF6E714992DDD00DD3D46 /* redux.y */,
				7D83A12314A290D900048145 /* Makefile */,
				7D37FE6D14B43FA400265E91 /* codegen.h */,
				7D37FE6E14B5817C00265E91 /* codegen.cpp */,
				7D37FE7014B588A400265E91 /* ast.cpp */,
				7DC06C5F14CCF2D700BA2AE8 /* named_values.h */,
				7DC06C6114CCF5DF00BA2AE8 /* named_values.cpp */,
				7D7681A514D495AE0094A5A5 /* class.cpp */,
			);
			path = redux;
			sourceTree = "<group>";
		};
		7DC7BA01149BC42200C76881 /* documentation */ = {
			isa = PBXGroup;
			children = (
				7D2DF6E014992D3800DD3D46 /* redux.1 */,
			);
			name = documentation;
			sourceTree = "<group>";
		};
/* End PBXGroup section */

/* Begin PBXNativeTarget section */
		7D2DF6D914992D3800DD3D46 /* redux */ = {
			isa = PBXNativeTarget;
			buildConfigurationList = 7D2DF6E414992D3800DD3D46 /* Build configuration list for PBXNativeTarget "redux" */;
			buildPhases = (
				7D2DF6D614992D3800DD3D46 /* Sources */,
				7D2DF6D714992D3800DD3D46 /* Frameworks */,
				7D2DF6D814992D3800DD3D46 /* CopyFiles */,
			);
			buildRules = (
				7D83A12F14A676CD00048145 /* PBXBuildRule */,
				7D83A12E14A6765F00048145 /* PBXBuildRule */,
			);
			dependencies = (
			);
			name = redux;
			productName = redux;
			productReference = 7D2DF6DA14992D3800DD3D46 /* redux */;
			productType = "com.apple.product-type.tool";
		};
/* End PBXNativeTarget section */

/* Begin PBXProject section */
		7D2DF6D114992D3800DD3D46 /* Project object */ = {
			isa = PBXProject;
			attributes = {
				LastUpgradeCheck = 0420;
			};
			buildConfigurationList = 7D2DF6D414992D3800DD3D46 /* Build configuration list for PBXProject "redux" */;
			compatibilityVersion = "Xcode 3.2";
			developmentRegion = English;
			hasScannedForEncodings = 0;
			knownRegions = (
				en,
			);
			mainGroup = 7D2DF6CF14992D3800DD3D46;
			productRefGroup = 7D2DF6DB14992D3800DD3D46 /* Products */;
			projectDirPath = "";
			projectRoot = "";
			targets = (
				7D2DF6D914992D3800DD3D46 /* redux */,
			);
		};
/* End PBXProject section */

/* Begin PBXSourcesBuildPhase section */
		7D2DF6D614992D3800DD3D46 /* Sources */ = {
			isa = PBXSourcesBuildPhase;
			buildActionMask = 2147483647;
			files = (
				7D2DF6DF14992D3800DD3D46 /* main.cpp in Sources */,
				7D2DF6E814992DDD00DD3D46 /* redux.y in Sources */,
				7DC7BA00149BC3F700C76881 /* redux.l in Sources */,
				7D83A12414A290D900048145 /* Makefile in Sources */,
				7D37FE6F14B5817C00265E91 /* codegen.cpp in Sources */,
				7D37FE7114B588A400265E91 /* ast.cpp in Sources */,
				7DC06C6214CCF5DF00BA2AE8 /* named_values.cpp in Sources */,
				7D7681A614D495AE0094A5A5 /* class.cpp in Sources */,
			);
			runOnlyForDeploymentPostprocessing = 0;
		};
/* End PBXSourcesBuildPhase section */

/* Begin XCBuildConfiguration section */
		7D2DF6E214992D3800DD3D46 /* Debug */ = {
			isa = XCBuildConfiguration;
			buildSettings = {
				ALWAYS_SEARCH_USER_PATHS = NO;
				ARCHS = "$(ARCHS_STANDARD_64_BIT)";
				COPY_PHASE_STRIP = NO;
				GCC_C_LANGUAGE_STANDARD = gnu99;
				GCC_DYNAMIC_NO_PIC = NO;
				GCC_ENABLE_OBJC_EXCEPTIONS = YES;
				GCC_OPTIMIZATION_LEVEL = 0;
				GCC_PREPROCESSOR_DEFINITIONS = (
					"DEBUG=1",
					"$(inherited)",
				);
				GCC_SYMBOLS_PRIVATE_EXTERN = NO;
				GCC_VERSION = com.apple.compilers.llvm.clang.1_0;
				GCC_WARN_64_TO_32_BIT_CONVERSION = YES;
				GCC_WARN_ABOUT_MISSING_PROTOTYPES = YES;
				GCC_WARN_ABOUT_RETURN_TYPE = YES;
				GCC_WARN_UNUSED_VARIABLE = YES;
				LIBRARY_SEARCH_PATHS = /usr/local/llvm/lib;
				MACOSX_DEPLOYMENT_TARGET = 10.7;
				ONLY_ACTIVE_ARCH = YES;
				OTHER_CFLAGS = (
					"-I/usr/local/llvm/include",
					"-D_DEBUG",
					"-D_GNU_SOURCE",
					"-D__STDC_CONSTANT_MACROS",
					"-D__STDC_FORMAT_MACROS",
					"-D__STDC_LIMIT_MACROS",
					"-fvisibility-inlines-hidden",
					"-fno-exceptions",
					"-fno-rtti",
					"-fno-common",
					"-Woverloaded-virtual",
					"-Wcast-qual",
				);
				OTHER_LDFLAGS = (
					"-lpthread",
					"-lLLVMX86Disassembler",
					"-lLLVMX86AsmParser",
					"-lLLVMX86CodeGen",
					"-lLLVMSelectionDAG",
					"-lLLVMAsmPrinter",
					"-lLLVMMCParser",
					"-lLLVMX86Desc",
					"-lLLVMX86AsmPrinter",
					"-lLLVMX86Utils",
					"-lLLVMX86Info",
					"-lLLVMJIT",
					"-lLLVMRuntimeDyld",
					"-lLLVMExecutionEngine",
					"-lLLVMCodeGen",
					"-lLLVMScalarOpts",
					"-lLLVMInstCombine",
					"-lLLVMTransformUtils",
					"-lLLVMipa",
					"-lLLVMAnalysis",
					"-lLLVMTarget",
					"-lLLVMMC",
					"-lLLVMObject",
					"-lLLVMCore",
					"-lLLVMSupport",
				);
				SDKROOT = macosx;
			};
			name = Debug;
		};
		7D2DF6E314992D3800DD3D46 /* Release */ = {
			isa = XCBuildConfiguration;
			buildSettings = {
				ALWAYS_SEARCH_USER_PATHS = NO;
				ARCHS = "$(ARCHS_STANDARD_64_BIT)";
				COPY_PHASE_STRIP = YES;
				DEBUG_INFORMATION_FORMAT = "dwarf-with-dsym";
				GCC_C_LANGUAGE_STANDARD = gnu99;
				GCC_ENABLE_OBJC_EXCEPTIONS = YES;
				GCC_VERSION = com.apple.compilers.llvm.clang.1_0;
				GCC_WARN_64_TO_32_BIT_CONVERSION = YES;
				GCC_WARN_ABOUT_MISSING_PROTOTYPES = YES;
				GCC_WARN_ABOUT_RETURN_TYPE = YES;
				GCC_WARN_UNUSED_VARIABLE = YES;
				LIBRARY_SEARCH_PATHS = /usr/local/llvm/lib;
				MACOSX_DEPLOYMENT_TARGET = 10.7;
				OTHER_CFLAGS = (
					"-I/usr/local/llvm/include",
					"-D_DEBUG",
					"-D_GNU_SOURCE",
					"-D__STDC_CONSTANT_MACROS",
					"-D__STDC_FORMAT_MACROS",
					"-D__STDC_LIMIT_MACROS",
					"-O3",
					"-fvisibility-inlines-hidden",
					"-fno-exceptions",
					"-fno-rtti",
					"-fno-common",
					"-Woverloaded-virtual",
					"-Wcast-qual",
				);
				OTHER_LDFLAGS = (
					"-lpthread",
					"-lLLVMX86Disassembler",
					"-lLLVMX86AsmParser",
					"-lLLVMX86CodeGen",
					"-lLLVMSelectionDAG",
					"-lLLVMAsmPrinter",
					"-lLLVMMCParser",
					"-lLLVMX86Desc",
					"-lLLVMX86AsmPrinter",
					"-lLLVMX86Utils",
					"-lLLVMX86Info",
					"-lLLVMJIT",
					"-lLLVMRuntimeDyld",
					"-lLLVMExecutionEngine",
					"-lLLVMCodeGen",
					"-lLLVMScalarOpts",
					"-lLLVMInstCombine",
					"-lLLVMTransformUtils",
					"-lLLVMipa",
					"-lLLVMAnalysis",
					"-lLLVMTarget",
					"-lLLVMMC",
					"-lLLVMObject",
					"-lLLVMCore",
					"-lLLVMSupport",
				);
				SDKROOT = macosx;
			};
			name = Release;
		};
		7D2DF6E514992D3800DD3D46 /* Debug */ = {
			isa = XCBuildConfiguration;
			buildSettings = {
				HEADER_SEARCH_PATHS = /usr/local/llvm/include/llvm;
				LIBRARY_SEARCH_PATHS = /usr/local/llvm/lib;
				OTHER_LDFLAGS = (
					"-lpthread",
					"-lLLVMX86Disassembler",
					"-lLLVMX86AsmParser",
					"-lLLVMX86CodeGen",
					"-lLLVMSelectionDAG",
					"-lLLVMAsmPrinter",
					"-lLLVMMCParser",
					"-lLLVMX86Desc",
					"-lLLVMX86AsmPrinter",
					"-lLLVMX86Utils",
					"-lLLVMX86Info",
					"-lLLVMJIT",
					"-lLLVMRuntimeDyld",
					"-lLLVMExecutionEngine",
					"-lLLVMCodeGen",
					"-lLLVMScalarOpts",
					"-lLLVMInstCombine",
					"-lLLVMTransformUtils",
					"-lLLVMipa",
					"-lLLVMAnalysis",
					"-lLLVMTarget",
					"-lLLVMMC",
					"-lLLVMObject",
					"-lLLVMCore",
					"-lLLVMSupport",
				);
				PRODUCT_NAME = "$(TARGET_NAME)";
				WARNING_LDFLAGS = "";
			};
			name = Debug;
		};
		7D2DF6E614992D3800DD3D46 /* Release */ = {
			isa = XCBuildConfiguration;
			buildSettings = {
				HEADER_SEARCH_PATHS = /usr/local/llvm/include/llvm;
				LIBRARY_SEARCH_PATHS = /usr/local/llvm/lib;
				OTHER_LDFLAGS = (
					"-lpthread",
					"-lLLVMX86Disassembler",
					"-lLLVMX86AsmParser",
					"-lLLVMX86CodeGen",
					"-lLLVMSelectionDAG",
					"-lLLVMAsmPrinter",
					"-lLLVMMCParser",
					"-lLLVMX86Desc",
					"-lLLVMX86AsmPrinter",
					"-lLLVMX86Utils",
					"-lLLVMX86Info",
					"-lLLVMJIT",
					"-lLLVMRuntimeDyld",
					"-lLLVMExecutionEngine",
					"-lLLVMCodeGen",
					"-lLLVMScalarOpts",
					"-lLLVMInstCombine",
					"-lLLVMTransformUtils",
					"-lLLVMipa",
					"-lLLVMAnalysis",
					"-lLLVMTarget",
					"-lLLVMMC",
					"-lLLVMObject",
					"-lLLVMCore",
					"-lLLVMSupport",
				);
				PRODUCT_NAME = "$(TARGET_NAME)";
				WARNING_LDFLAGS = "";
			};
			name = Release;
		};
/* End XCBuildConfiguration section */

/* Begin XCConfigurationList section */
		7D2DF6D414992D3800DD3D46 /* Build configuration list for PBXProject "redux" */ = {
			isa = XCConfigurationList;
			buildConfigurations = (
				7D2DF6E214992D3800DD3D46 /* Debug */,
				7D2DF6E314992D3800DD3D46 /* Release */,
			);
			defaultConfigurationIsVisible = 0;
			defaultConfigurationName = Release;
		};
		7D2DF6E414992D3800DD3D46 /* Build configuration list for PBXNativeTarget "redux" */ = {
			isa = XCConfigurationList;
			buildConfigurations = (
				7D2DF6E514992D3800DD3D46 /* Debug */,
				7D2DF6E614992D3800DD3D46 /* Release */,
			);
			defaultConfigurationIsVisible = 0;
			defaultConfigurationName = Release;
		};
/* End XCConfigurationList section */
	};
	rootObject = 7D2DF6D114992D3800DD3D46 /* Project object */;
}
